<?xml version="1.0" encoding="utf-8"?>
<Project ToolsVersion="4.0" xmlns="http://schemas.microsoft.com/developer/msbuild/2003">
  <ItemGroup>
    <Filter Include="源文件">
      <UniqueIdentifier>{4FC737F1-C7A5-4376-A066-2A32D752A2FF}</UniqueIdentifier>
      <Extensions>cpp;c;cc;cxx;def;odl;idl;hpj;bat;asm;asmx</Extensions>
    </Filter>
    <Filter Include="头文件">
      <UniqueIdentifier>{93995380-89BD-4b04-88EB-625FBE52EBFB}</UniqueIdentifier>
      <Extensions>h;hpp;hxx;hm;inl;inc;xsd</Extensions>
    </Filter>
    <Filter Include="资源文件">
      <UniqueIdentifier>{67DA6AB6-F800-4c08-8B7A-83BB121AAD01}</UniqueIdentifier>
      <Extensions>rc;ico;cur;bmp;dlg;rc2;rct;bin;rgs;gif;jpg;jpeg;jpe;resx;tiff;tif;png;wav;mfcribbon-ms</Extensions>
    </Filter>
    <Filter Include="源文件\fsm">
      <UniqueIdentifier>{cf7fac01-96e3-4f71-bd4a-ee745198ad07}</UniqueIdentifier>
    </Filter>
    <Filter Include="源文件\model">
      <UniqueIdentifier>{0c8055a4-7b76-4e91-8b9d-9fbc677f3d2c}</UniqueIdentifier>
    </Filter>
    <Filter Include="源文件\util">
      <UniqueIdentifier>{2264b3ff-251f-416a-ac16-827c20e197fc}</UniqueIdentifier>
    </Filter>
    <Filter Include="源文件\observers">
      <UniqueIdentifier>{ee483230-eafd-4b0c-9e35-7eccc0a5ff1c}</UniqueIdentifier>
    </Filter>
    <Filter Include="源文件\output">
      <UniqueIdentifier>{e99dc077-c49a-4591-a921-0c1a80b4e4f3}</UniqueIdentifier>
    </Filter>
  </ItemGroup>
  <ItemGroup>
    <Text Include="ReadMe.txt" />
  </ItemGroup>
  <ItemGroup>
    <ClInclude Include="stdafx.h">
      <Filter>头文件</Filter>
    </ClInclude>
    <ClInclude Include="targetver.h">
      <Filter>头文件</Filter>
    </ClInclude>
    <ClInclude Include="fsm\base.h">
      <Filter>源文件\fsm</Filter>
    </ClInclude>
    <ClInclude Include="model\define.h">
      <Filter>源文件\model</Filter>
    </ClInclude>
    <ClInclude Include="util\CScreenCapturer.h">
      <Filter>源文件\util</Filter>
    </ClInclude>
    <ClInclude Include="fsm\CCanvasObserverState.h">
      <Filter>源文件\fsm</Filter>
    </ClInclude>
    <ClInclude Include="fsm\CGameState.h">
      <Filter>源文件\fsm</Filter>
    </ClInclude>
    <ClInclude Include="observers\CCanvasObserver.h">
      <Filter>源文件\observers</Filter>
    </ClInclude>
    <ClInclude Include="observers\CGameStateObserver.h">
      <Filter>源文件\observers</Filter>
    </ClInclude>
    <ClInclude Include="util\CPerformanceCounter.h">
      <Filter>源文件\util</Filter>
    </ClInclude>
    <ClInclude Include="util\SingleInstance.h">
      <Filter>源文件\util</Filter>
    </ClInclude>
    <ClInclude Include="observers\CObjectObserver.h">
      <Filter>源文件\observers</Filter>
    </ClInclude>
    <ClInclude Include="output\COutputWindow.h">
      <Filter>源文件\output</Filter>
    </ClInclude>
  </ItemGroup>
  <ItemGroup>
    <ClCompile Include="stdafx.cpp">
      <Filter>源文件</Filter>
    </ClCompile>
    <ClCompile Include="FlappyBirdAI.cpp">
      <Filter>源文件</Filter>
    </ClCompile>
    <ClCompile Include="util\CScreenCapturer.cpp">
      <Filter>源文件\util</Filter>
    </ClCompile>
    <ClCompile Include="fsm\CCanvasObserverState.cpp">
      <Filter>源文件\fsm</Filter>
    </ClCompile>
    <ClCompile Include="fsm\CGameState.cpp">
      <Filter>源文件\fsm</Filter>
    </ClCompile>
    <ClCompile Include="observers\CCanvasObserver.cpp">
      <Filter>源文件\observers</Filter>
    </ClCompile>
    <ClCompile Include="observers\CGameStateObserver.cpp">
      <Filter>源文件\observers</Filter>
    </ClCompile>
    <ClCompile Include="util\CPerformanceCounter.cpp">
      <Filter>源文件\util</Filter>
    </ClCompile>
    <ClCompile Include="observers\CObjectObserver.cpp">
      <Filter>源文件\observers</Filter>
    </ClCompile>
    <ClCompile Include="output\COutputWindow.cpp">
      <Filter>源文件\output</Filter>
    </ClCompile>
  </ItemGroup>
</Project>