<?xml version="1.0" encoding="utf-8"?>
<Project ToolsVersion="4.0" xmlns="http://schemas.microsoft.com/developer/msbuild/2003">
  <ItemGroup>
    <Filter Include="源文件">
      <UniqueIdentifier>{4FC737F1-C7A5-4376-A066-2A32D752A2FF}</UniqueIdentifier>
      <Extensions>cpp;c;cc;cxx;def;odl;idl;hpj;bat;asm;asmx</Extensions>
    </Filter>
    <Filter Include="头文件">
      <UniqueIdentifier>{93995380-89BD-4b04-88EB-625FBE52EBFB}</UniqueIdentifier>
      <Extensions>h;hpp;hxx;hm;inl;inc;xsd</Extensions>
    </Filter>
    <Filter Include="资源文件">
      <UniqueIdentifier>{67DA6AB6-F800-4c08-8B7A-83BB121AAD01}</UniqueIdentifier>
      <Extensions>rc;ico;cur;bmp;dlg;rc2;rct;bin;rgs;gif;jpg;jpeg;jpe;resx;tiff;tif;png;wav;mfcribbon-ms</Extensions>
    </Filter>
    <Filter Include="源文件\fsm">
      <UniqueIdentifier>{cf7fac01-96e3-4f71-bd4a-ee745198ad07}</UniqueIdentifier>
    </Filter>
    <Filter Include="源文件\model">
      <UniqueIdentifier>{0c8055a4-7b76-4e91-8b9d-9fbc677f3d2c}</UniqueIdentifier>
    </Filter>
    <Filter Include="源文件\util">
      <UniqueIdentifier>{2264b3ff-251f-416a-ac16-827c20e197fc}</UniqueIdentifier>
    </Filter>
    <Filter Include="源文件\observers">
      <UniqueIdentifier>{ee483230-eafd-4b0c-9e35-7eccc0a5ff1c}</UniqueIdentifier>
    </Filter>
    <Filter Include="源文件\output">
      <UniqueIdentifier>{e99dc077-c49a-4591-a921-0c1a80b4e4f3}</UniqueIdentifier>
    </Filter>
    <Filter Include="源文件\recorder">
      <UniqueIdentifier>{78c8b8e3-1e15-4624-a125-cba95e0493b8}</UniqueIdentifier>
    </Filter>
  </ItemGroup>
  <ItemGroup>
    <Text Include="ReadMe.txt" />
  </ItemGroup>
  <ItemGroup>
    <ClInclude Include="stdafx.h">
      <Filter>头文件</Filter>
    </ClInclude>
    <ClInclude Include="targetver.h">
      <Filter>头文件</Filter>
    </ClInclude>
    <ClInclude Include="fsm\base.h">
      <Filter>源文件\fsm</Filter>
    </ClInclude>
    <ClInclude Include="model\define.h">
      <Filter>源文件\model</Filter>
    </ClInclude>
    <ClInclude Include="util\SingleInstance.h">
      <Filter>源文件\util</Filter>
    </ClInclude>
    <ClInclude Include="util\MathUtil.h">
      <Filter>源文件\util</Filter>
    </ClInclude>
    <ClInclude Include="observers\BirdHeightObserver.h">
      <Filter>源文件\observers</Filter>
    </ClInclude>
    <ClInclude Include="observers\BirdRectObserver.h">
      <Filter>源文件\observers</Filter>
    </ClInclude>
    <ClInclude Include="observers\CanvasObserver.h">
      <Filter>源文件\observers</Filter>
    </ClInclude>
    <ClInclude Include="observers\GameStateObserver.h">
      <Filter>源文件\observers</Filter>
    </ClInclude>
    <ClInclude Include="observers\ObjectObserver.h">
      <Filter>源文件\observers</Filter>
    </ClInclude>
    <ClInclude Include="observers\PipeObserver.h">
      <Filter>源文件\observers</Filter>
    </ClInclude>
    <ClInclude Include="output\OutputWindow.h">
      <Filter>源文件\output</Filter>
    </ClInclude>
    <ClInclude Include="recorder\Recorder.h">
      <Filter>源文件\recorder</Filter>
    </ClInclude>
    <ClInclude Include="util\MouseController.h">
      <Filter>源文件\util</Filter>
    </ClInclude>
    <ClInclude Include="util\PerformanceCounter.h">
      <Filter>源文件\util</Filter>
    </ClInclude>
    <ClInclude Include="util\ScreenCapturer.h">
      <Filter>源文件\util</Filter>
    </ClInclude>
    <ClInclude Include="fsm\CanvasObserverState.h">
      <Filter>源文件\fsm</Filter>
    </ClInclude>
    <ClInclude Include="fsm\GameState.h">
      <Filter>源文件\fsm</Filter>
    </ClInclude>
    <ClInclude Include="model\ClickDelayModel.h">
      <Filter>源文件\model</Filter>
    </ClInclude>
    <ClInclude Include="model\HeightTimeModel.h">
      <Filter>源文件\model</Filter>
    </ClInclude>
    <ClInclude Include="model\JumpRangeModel.h">
      <Filter>源文件\model</Filter>
    </ClInclude>
    <ClInclude Include="model\CollisionForecaster.h">
      <Filter>源文件\model</Filter>
    </ClInclude>
  </ItemGroup>
  <ItemGroup>
    <ClCompile Include="stdafx.cpp">
      <Filter>源文件</Filter>
    </ClCompile>
    <ClCompile Include="FlappyBirdAI.cpp">
      <Filter>源文件</Filter>
    </ClCompile>
    <ClCompile Include="util\MathUtil.cpp">
      <Filter>源文件\util</Filter>
    </ClCompile>
    <ClCompile Include="observers\BirdHeightObserver.cpp">
      <Filter>源文件\observers</Filter>
    </ClCompile>
    <ClCompile Include="observers\BirdRectObserver.cpp">
      <Filter>源文件\observers</Filter>
    </ClCompile>
    <ClCompile Include="observers\CanvasObserver.cpp">
      <Filter>源文件\observers</Filter>
    </ClCompile>
    <ClCompile Include="observers\GameStateObserver.cpp">
      <Filter>源文件\observers</Filter>
    </ClCompile>
    <ClCompile Include="observers\ObjectObserver.cpp">
      <Filter>源文件\observers</Filter>
    </ClCompile>
    <ClCompile Include="observers\PipeObserver.cpp">
      <Filter>源文件\observers</Filter>
    </ClCompile>
    <ClCompile Include="output\OutputWindow.cpp">
      <Filter>源文件\output</Filter>
    </ClCompile>
    <ClCompile Include="recorder\Recorder.cpp">
      <Filter>源文件\recorder</Filter>
    </ClCompile>
    <ClCompile Include="util\MouseController.cpp">
      <Filter>源文件\util</Filter>
    </ClCompile>
    <ClCompile Include="util\PerformanceCounter.cpp">
      <Filter>源文件\util</Filter>
    </ClCompile>
    <ClCompile Include="util\ScreenCapturer.cpp">
      <Filter>源文件\util</Filter>
    </ClCompile>
    <ClCompile Include="fsm\CanvasObserverState.cpp">
      <Filter>源文件\fsm</Filter>
    </ClCompile>
    <ClCompile Include="fsm\GameState.cpp">
      <Filter>源文件\fsm</Filter>
    </ClCompile>
    <ClCompile Include="model\ClickDelayModel.cpp">
      <Filter>源文件\model</Filter>
    </ClCompile>
    <ClCompile Include="model\HeightTimeModel.cpp">
      <Filter>源文件\model</Filter>
    </ClCompile>
    <ClCompile Include="model\JumpRangeModel.cpp">
      <Filter>源文件\model</Filter>
    </ClCompile>
    <ClCompile Include="model\CollisionForecaster.cpp">
      <Filter>源文件\model</Filter>
    </ClCompile>
  </ItemGroup>
  <ItemGroup>
    <Image Include="..\Res\gamestate_gameover.png">
      <Filter>资源文件</Filter>
    </Image>
    <Image Include="..\Res\gamestate_getready.png">
      <Filter>资源文件</Filter>
    </Image>
    <Image Include="..\Res\gamestate_title.png">
      <Filter>资源文件</Filter>
    </Image>
    <Image Include="..\Res\graybg.bmp">
      <Filter>资源文件</Filter>
    </Image>
  </ItemGroup>
</Project>